
Microsoft Visual Studio Solution File, Format Version 12.00
# Visual Studio Version 16
VisualStudioVersion = 16.0.31019.35
MinimumVisualStudioVersion = 10.0.40219.1
Project("{9A19103F-16F7-4668-BE54-9A1E7A4F7556}") = "class8", "class8\class8.csproj", "{D7C23D4E-563F-47B5-B58C-EE9E05AFD414}"
EndProject
Project("{9A19103F-16F7-4668-BE54-9A1E7A4F7556}") = "name", "name\name.csproj", "{CA25F43D-979A-4D84-9FC9-2864200662C4}"
EndProject
Project("{9A19103F-16F7-4668-BE54-9A1E7A4F7556}") = "game", "game\game.csproj", "{3F3C5D4D-9553-4430-80A2-6504DD226378}"
EndProject
Project("{FAE04EC0-301F-11D3-BF4B-00C04F79EFBC}") = "text", "text\text.csproj", "{7FDEA423-E30F-4A33-B85F-DDB1C2EB65F1}"
EndProject
Global
	GlobalSection(SolutionConfigurationPlatforms) = preSolution
		Debug|Any CPU = Debug|Any CPU
		Release|Any CPU = Release|Any CPU
	EndGlobalSection
	GlobalSection(ProjectConfigurationPlatforms) = postSolution
		{D7C23D4E-563F-47B5-B58C-EE9E05AFD414}.Debug|Any CPU.ActiveCfg = Debug|Any CPU
		{D7C23D4E-563F-47B5-B58C-EE9E05AFD414}.Debug|Any CPU.Build.0 = Debug|Any CPU
		{D7C23D4E-563F-47B5-B58C-EE9E05AFD414}.Release|Any CPU.ActiveCfg = Release|Any CPU
		{D7C23D4E-563F-47B5-B58C-EE9E05AFD414}.Release|Any CPU.Build.0 = Release|Any CPU
		{CA25F43D-979A-4D84-9FC9-2864200662C4}.Debug|Any CPU.ActiveCfg = Debug|Any CPU
		{CA25F43D-979A-4D84-9FC9-2864200662C4}.Debug|Any CPU.Build.0 = Debug|Any CPU
		{CA25F43D-979A-4D84-9FC9-2864200662C4}.Release|Any CPU.ActiveCfg = Release|Any CPU
		{CA25F43D-979A-4D84-9FC9-2864200662C4}.Release|Any CPU.Build.0 = Release|Any CPU
		{3F3C5D4D-9553-4430-80A2-6504DD226378}.Debug|Any CPU.ActiveCfg = Debug|Any CPU
		{3F3C5D4D-9553-4430-80A2-6504DD226378}.Debug|Any CPU.Build.0 = Debug|Any CPU
		{3F3C5D4D-9553-4430-80A2-6504DD226378}.Release|Any CPU.ActiveCfg = Release|Any CPU
		{3F3C5D4D-9553-4430-80A2-6504DD226378}.Release|Any CPU.Build.0 = Release|Any CPU
		{7FDEA423-E30F-4A33-B85F-DDB1C2EB65F1}.Debug|Any CPU.ActiveCfg = Debug|Any CPU
		{7FDEA423-E30F-4A33-B85F-DDB1C2EB65F1}.Debug|Any CPU.Build.0 = Debug|Any CPU
		{7FDEA423-E30F-4A33-B85F-DDB1C2EB65F1}.Release|Any CPU.ActiveCfg = Release|Any CPU
		{7FDEA423-E30F-4A33-B85F-DDB1C2EB65F1}.Release|Any CPU.Build.0 = Release|Any CPU
	EndGlobalSection
	GlobalSection(SolutionProperties) = preSolution
		HideSolutionNode = FALSE
	EndGlobalSection
	GlobalSection(ExtensibilityGlobals) = postSolution
		SolutionGuid = {45ED3B15-9D53-41B5-837E-2FE0AC5B3B20}
	EndGlobalSection
EndGlobal
